lockfileVersion: 5.4

specifiers:
  '@types/seed-random': 2.2.1
  regl: 2.1.0

devDependencies:
  '@types/seed-random': 2.2.1
  regl: 2.1.0

packages:

  /@types/seed-random/2.2.1:
    resolution: {integrity: sha512-A7DyRnftEWLEbdrN08XdnEASrT97y7GL/zDKaijo7gbQn05O13f7lDxmgq+SuI4JD7sAqd9XkAR2LDkkzp4s+w==}
    dev: true

  /regl/2.1.0:
    resolution: {integrity: sha512-oWUce/aVoEvW5l2V0LK7O5KJMzUSKeiOwFuJehzpSFd43dO5spP9r+sSUfhKtsky4u6MCqWJaRL+abzExynfTg==}
    dev: true
